hash: 2656e01e70e2da481da0d2276793edbdd52d08b804a50c3e48c1d1fe493c0ad1
updated: 2016-11-21T23:40:41.812663197+01:00
imports:
- name: github.com/mh-cbon/guess-path
  version: b3b15f30ffcd2d1bab5e91c9f49e0fb6b0d70680
- name: github.com/mh-cbon/mdl-go-components
  version: 692694839e4bbf4b053c682253e6031106c76f67
  subpackages:
  - components
- name: github.com/vincent-petithory/dataurl
  version: 9a301d65acbb728fcc3ace14f45f511a4cfeea9c
testImports: []
